// !$*UTF8*$!
{
	archiveVersion = 1;
	classes = {
	};
	objectVersion = 46;
	objects = {

/* Begin PBXFileReference section */
		616AAA391C60645000D9F08F /* triangle_background.cpp */ = {isa = PBXFileReference; fileEncoding = 4; lastKnownFileType = sourcecode.cpp.cpp; path = triangle_background.cpp; sourceTree = "<group>"; };
		7301DA611BC8226D0031D21B /* CMakeLists.txt */ = {isa = PBXFileReference; lastKnownFileType = text; path = CMakeLists.txt; sourceTree = "<group>"; };
		7301DA621BC8226D0031D21B /* ellipse.cpp */ = {isa = PBXFileReference; lastKnownFileType = sourcecode.cpp.cpp; path = ellipse.cpp; sourceTree = "<group>"; };
		7301DA631BC8226D0031D21B /* sample01.cpp */ = {isa = PBXFileReference; lastKnownFileType = sourcecode.cpp.cpp; path = sample01.cpp; sourceTree = "<group>"; };
		7301DA641BC8226D0031D21B /* testing.cpp */ = {isa = PBXFileReference; lastKnownFileType = sourcecode.cpp.cpp; path = testing.cpp; sourceTree = "<group>"; };
		7301DA651BC8226D0031D21B /* testing.h */ = {isa = PBXFileReference; lastKnownFileType = sourcecode.c.h; path = testing.h; sourceTree = "<group>"; };
		7301DA661BC8226D0031D21B /* wave_plane01.cpp */ = {isa = PBXFileReference; lastKnownFileType = sourcecode.cpp.cpp; path = wave_plane01.cpp; sourceTree = "<group>"; };
		730DFB9F1B19DF75009C0853 /* Makefile */ = {isa = PBXFileReference; lastKnownFileType = sourcecode.make; path = Makefile; sourceTree = "<group>"; };
		730DFBA11B19DF7D009C0853 /* uvtemplate.bmp */ = {isa = PBXFileReference; lastKnownFileType = image.bmp; path = uvtemplate.bmp; sourceTree = "<group>"; };
		730DFBA21B1A9CEF009C0853 /* memo */ = {isa = PBXFileReference; fileEncoding = 4; lastKnownFileType = text; path = memo; sourceTree = "<group>"; };
		73C09D4F1BE3316800F4A2DB /* dynamic_vertex.cpp */ = {isa = PBXFileReference; lastKnownFileType = sourcecode.cpp.cpp; path = dynamic_vertex.cpp; sourceTree = "<group>"; };
		73E7B3B81BE3914B00C45C53 /* line.cpp */ = {isa = PBXFileReference; lastKnownFileType = sourcecode.cpp.cpp; path = line.cpp; sourceTree = "<group>"; };
		73E7B3BB1BE4B07D00C45C53 /* color_cut.cpp */ = {isa = PBXFileReference; lastKnownFileType = sourcecode.cpp.cpp; path = color_cut.cpp; sourceTree = "<group>"; };
		73E7B3C01BE655DE00C45C53 /* glow.cpp */ = {isa = PBXFileReference; lastKnownFileType = sourcecode.cpp.cpp; path = glow.cpp; sourceTree = "<group>"; };
		73E7B3C11BE8B4E300C45C53 /* bezier.cpp */ = {isa = PBXFileReference; lastKnownFileType = sourcecode.cpp.cpp; path = bezier.cpp; sourceTree = "<group>"; };
		73E7B3C21BE9302800C45C53 /* bezier_triangle.cpp */ = {isa = PBXFileReference; lastKnownFileType = sourcecode.cpp.cpp; path = bezier_triangle.cpp; sourceTree = "<group>"; };
		73E7B3C31BE93CB200C45C53 /* rotate.cpp */ = {isa = PBXFileReference; lastKnownFileType = sourcecode.cpp.cpp; path = rotate.cpp; sourceTree = "<group>"; };
		73E7B3C41BEA3B8700C45C53 /* cull_face.cpp */ = {isa = PBXFileReference; lastKnownFileType = sourcecode.cpp.cpp; path = cull_face.cpp; sourceTree = "<group>"; };
		73E8CB691D7A965B007908DD /* quadratic_bezier.cpp */ = {isa = PBXFileReference; lastKnownFileType = sourcecode.cpp.cpp; path = quadratic_bezier.cpp; sourceTree = "<group>"; };
/* End PBXFileReference section */

/* Begin PBXGroup section */
		7301DA601BC8226D0031D21B /* src */ = {
			isa = PBXGroup;
			children = (
				7301DA631BC8226D0031D21B /* sample01.cpp */,
				73E7B3C41BEA3B8700C45C53 /* cull_face.cpp */,
				73C09D4F1BE3316800F4A2DB /* dynamic_vertex.cpp */,
				7301DA661BC8226D0031D21B /* wave_plane01.cpp */,
				616AAA391C60645000D9F08F /* triangle_background.cpp */,
				7301DA621BC8226D0031D21B /* ellipse.cpp */,
				73E7B3B81BE3914B00C45C53 /* line.cpp */,
				73E7B3BB1BE4B07D00C45C53 /* color_cut.cpp */,
				73E7B3C01BE655DE00C45C53 /* glow.cpp */,
				73E7B3C11BE8B4E300C45C53 /* bezier.cpp */,
				73E7B3C21BE9302800C45C53 /* bezier_triangle.cpp */,
				73E7B3C31BE93CB200C45C53 /* rotate.cpp */,
				7301DA651BC8226D0031D21B /* testing.h */,
				7301DA641BC8226D0031D21B /* testing.cpp */,
				73E8CB691D7A965B007908DD /* quadratic_bezier.cpp */,
				7301DA611BC8226D0031D21B /* CMakeLists.txt */,
			);
			path = src;
			sourceTree = "<group>";
		};
		73E9EB7619678161004DB096 = {
			isa = PBXGroup;
			children = (
				730DFBA21B1A9CEF009C0853 /* memo */,
				730DFB9F1B19DF75009C0853 /* Makefile */,
				730DFBA11B19DF7D009C0853 /* uvtemplate.bmp */,
				7301DA601BC8226D0031D21B /* src */,
			);
			sourceTree = "<group>";
		};
/* End PBXGroup section */

/* Begin PBXLegacyTarget section */
		73E9EB7B19678161004DB096 /* GLBoy */ = {
			isa = PBXLegacyTarget;
			buildArgumentsString = "$(ACTION)";
			buildConfigurationList = 73E9EB7E19678161004DB096 /* Build configuration list for PBXLegacyTarget "GLBoy" */;
			buildPhases = (
			);
			buildToolPath = /usr/bin/make;
			dependencies = (
			);
			name = GLBoy;
			passBuildSettingsInEnvironment = 1;
			productName = GLBoy;
		};
/* End PBXLegacyTarget section */

/* Begin PBXProject section */
		73E9EB7719678161004DB096 /* Project object */ = {
			isa = PBXProject;
			attributes = {
				LastUpgradeCheck = 0510;
				ORGANIZATIONNAME = tamichan;
			};
			buildConfigurationList = 73E9EB7A19678161004DB096 /* Build configuration list for PBXProject "GLBoys" */;
			compatibilityVersion = "Xcode 3.2";
			developmentRegion = English;
			hasScannedForEncodings = 0;
			knownRegions = (
				en,
			);
			mainGroup = 73E9EB7619678161004DB096;
			projectDirPath = "";
			projectRoot = "";
			targets = (
				73E9EB7B19678161004DB096 /* GLBoy */,
			);
		};
/* End PBXProject section */

/* Begin XCBuildConfiguration section */
		73E9EB7C19678161004DB096 /* Debug */ = {
			isa = XCBuildConfiguration;
			buildSettings = {
				ALWAYS_SEARCH_USER_PATHS = NO;
				CLANG_CXX_LANGUAGE_STANDARD = "gnu++0x";
				CLANG_CXX_LIBRARY = "libc++";
				CLANG_ENABLE_MODULES = YES;
				CLANG_ENABLE_OBJC_ARC = YES;
				CLANG_WARN_BOOL_CONVERSION = YES;
				CLANG_WARN_CONSTANT_CONVERSION = YES;
				CLANG_WARN_DIRECT_OBJC_ISA_USAGE = YES_ERROR;
				CLANG_WARN_EMPTY_BODY = YES;
				CLANG_WARN_ENUM_CONVERSION = YES;
				CLANG_WARN_INT_CONVERSION = YES;
				CLANG_WARN_OBJC_ROOT_CLASS = YES_ERROR;
				CLANG_WARN__DUPLICATE_METHOD_MATCH = YES;
				COPY_PHASE_STRIP = NO;
				GCC_C_LANGUAGE_STANDARD = gnu99;
				GCC_DYNAMIC_NO_PIC = NO;
				GCC_ENABLE_OBJC_EXCEPTIONS = YES;
				GCC_OPTIMIZATION_LEVEL = 0;
				GCC_PREPROCESSOR_DEFINITIONS = (
					"DEBUG=1",
					"$(inherited)",
				);
				GCC_SYMBOLS_PRIVATE_EXTERN = NO;
				GCC_WARN_64_TO_32_BIT_CONVERSION = YES;
				GCC_WARN_ABOUT_RETURN_TYPE = YES_ERROR;
				GCC_WARN_UNDECLARED_SELECTOR = YES;
				GCC_WARN_UNINITIALIZED_AUTOS = YES_AGGRESSIVE;
				GCC_WARN_UNUSED_FUNCTION = YES;
				GCC_WARN_UNUSED_VARIABLE = YES;
				MACOSX_DEPLOYMENT_TARGET = 10.9;
				ONLY_ACTIVE_ARCH = YES;
				SDKROOT = macosx;
			};
			name = Debug;
		};
		73E9EB7D19678161004DB096 /* Release */ = {
			isa = XCBuildConfiguration;
			buildSettings = {
				ALWAYS_SEARCH_USER_PATHS = NO;
				CLANG_CXX_LANGUAGE_STANDARD = "gnu++0x";
				CLANG_CXX_LIBRARY = "libc++";
				CLANG_ENABLE_MODULES = YES;
				CLANG_ENABLE_OBJC_ARC = YES;
				CLANG_WARN_BOOL_CONVERSION = YES;
				CLANG_WARN_CONSTANT_CONVERSION = YES;
				CLANG_WARN_DIRECT_OBJC_ISA_USAGE = YES_ERROR;
				CLANG_WARN_EMPTY_BODY = YES;
				CLANG_WARN_ENUM_CONVERSION = YES;
				CLANG_WARN_INT_CONVERSION = YES;
				CLANG_WARN_OBJC_ROOT_CLASS = YES_ERROR;
				CLANG_WARN__DUPLICATE_METHOD_MATCH = YES;
				COPY_PHASE_STRIP = YES;
				DEBUG_INFORMATION_FORMAT = "dwarf-with-dsym";
				ENABLE_NS_ASSERTIONS = NO;
				GCC_C_LANGUAGE_STANDARD = gnu99;
				GCC_ENABLE_OBJC_EXCEPTIONS = YES;
				GCC_WARN_64_TO_32_BIT_CONVERSION = YES;
				GCC_WARN_ABOUT_RETURN_TYPE = YES_ERROR;
				GCC_WARN_UNDECLARED_SELECTOR = YES;
				GCC_WARN_UNINITIALIZED_AUTOS = YES_AGGRESSIVE;
				GCC_WARN_UNUSED_FUNCTION = YES;
				GCC_WARN_UNUSED_VARIABLE = YES;
				MACOSX_DEPLOYMENT_TARGET = 10.9;
				SDKROOT = macosx;
			};
			name = Release;
		};
		73E9EB7F19678161004DB096 /* Debug */ = {
			isa = XCBuildConfiguration;
			buildSettings = {
				ALWAYS_SEARCH_USER_PATHS = NO;
				DEBUGGING_SYMBOLS = YES;
				GCC_GENERATE_DEBUGGING_SYMBOLS = YES;
				GCC_OPTIMIZATION_LEVEL = 0;
				OTHER_CFLAGS = "";
				OTHER_LDFLAGS = "";
				PRODUCT_NAME = "$(TARGET_NAME)";
			};
			name = Debug;
		};
		73E9EB8019678161004DB096 /* Release */ = {
			isa = XCBuildConfiguration;
			buildSettings = {
				ALWAYS_SEARCH_USER_PATHS = NO;
				OTHER_CFLAGS = "";
				OTHER_LDFLAGS = "";
				PRODUCT_NAME = "$(TARGET_NAME)";
			};
			name = Release;
		};
/* End XCBuildConfiguration section */

/* Begin XCConfigurationList section */
		73E9EB7A19678161004DB096 /* Build configuration list for PBXProject "GLBoys" */ = {
			isa = XCConfigurationList;
			buildConfigurations = (
				73E9EB7C19678161004DB096 /* Debug */,
				73E9EB7D19678161004DB096 /* Release */,
			);
			defaultConfigurationIsVisible = 0;
			defaultConfigurationName = Release;
		};
		73E9EB7E19678161004DB096 /* Build configuration list for PBXLegacyTarget "GLBoy" */ = {
			isa = XCConfigurationList;
			buildConfigurations = (
				73E9EB7F19678161004DB096 /* Debug */,
				73E9EB8019678161004DB096 /* Release */,
			);
			defaultConfigurationIsVisible = 0;
			defaultConfigurationName = Release;
		};
/* End XCConfigurationList section */
	};
	rootObject = 73E9EB7719678161004DB096 /* Project object */;
}
